
Microsoft Visual Studio Solution File, Format Version 12.00
# Visual Studio Version 16
VisualStudioVersion = 16.0.31613.86
MinimumVisualStudioVersion = 10.0.40219.1
Project("{8BC9CEB8-8B4A-11D0-8D11-00A0C91BC942}") = "Tetris", "Tetris\Tetris.vcxproj", "{5E251426-7A16-4A6F-988D-E9DEDAC4BEA2}"
EndProject
Global
	GlobalSection(SolutionConfigurationPlatforms) = preSolution
		Debug|x64 = Debug|x64
		Debug|x86 = Debug|x86
		Release|x64 = Release|x64
		Release|x86 = Release|x86
	EndGlobalSection
	GlobalSection(ProjectConfigurationPlatforms) = postSolution
		{5E251426-7A16-4A6F-988D-E9DEDAC4BEA2}.Debug|x64.ActiveCfg = Debug|x64
		{5E251426-7A16-4A6F-988D-E9DEDAC4BEA2}.Debug|x64.Build.0 = Debug|x64
		{5E251426-7A16-4A6F-988D-E9DEDAC4BEA2}.Debug|x86.ActiveCfg = Debug|Win32
		{5E251426-7A16-4A6F-988D-E9DEDAC4BEA2}.Debug|x86.Build.0 = Debug|Win32
		{5E251426-7A16-4A6F-988D-E9DEDAC4BEA2}.Release|x64.ActiveCfg = Release|x64
		{5E251426-7A16-4A6F-988D-E9DEDAC4BEA2}.Release|x64.Build.0 = Release|x64
		{5E251426-7A16-4A6F-988D-E9DEDAC4BEA2}.Release|x86.ActiveCfg = Release|Win32
		{5E251426-7A16-4A6F-988D-E9DEDAC4BEA2}.Release|x86.Build.0 = Release|Win32
	EndGlobalSection
	GlobalSection(SolutionProperties) = preSolution
		HideSolutionNode = FALSE
	EndGlobalSection
	GlobalSection(ExtensibilityGlobals) = postSolution
		SolutionGuid = {553AADB0-1C08-401D-B0B0-34F5B1FF459C}
	EndGlobalSection
EndGlobal
